
Microsoft Visual Studio Solution File, Format Version 12.00
# Visual Studio Version 16
VisualStudioVersion = 16.0.29613.14
MinimumVisualStudioVersion = 10.0.40219.1
Project("{2150E333-8FDC-42A3-9474-1A3956D46DE8}") = "UdfsNext", "UdfsNext", "{8B37A67E-CFF5-4363-84C9-16B5A9173327}"
EndProject
Project("{2150E333-8FDC-42A3-9474-1A3956D46DE8}") = "Line", "Line", "{C4E55EE9-3B2E-41CF-A319-FB1EA5424968}"
EndProject
Project("{2150E333-8FDC-42A3-9474-1A3956D46DE8}") = "Trader", "Trader", "{180D2EE7-28F0-4FBC-AFD2-F45520C38004}"
EndProject
Project("{2150E333-8FDC-42A3-9474-1A3956D46DE8}") = "Bettor", "Bettor", "{7324C8BD-8EF9-486B-8B68-E0EC153BB51A}"
EndProject
Project("{2150E333-8FDC-42A3-9474-1A3956D46DE8}") = "Providers", "Providers", "{4C7AAE14-8173-4191-A2C7-CACADB130ED0}"
EndProject
Project("{9A19103F-16F7-4668-BE54-9A1E7A4F7556}") = "LigaStavok.UdfsNext.Orleans", "LigaStavok.UdfsNext.Orleans\LigaStavok.UdfsNext.Orleans.csproj", "{A18BA83C-09A6-4A4C-91E3-1EE702B680CC}"
EndProject
Project("{9A19103F-16F7-4668-BE54-9A1E7A4F7556}") = "LigaStavok.UdfsNext.Line.Interfaces", "LigaStavok.UdfsNext.Inferfaces\LigaStavok.UdfsNext.Line.Interfaces.csproj", "{6D7889AF-A79C-4834-87A8-6F5F5F050E59}"
EndProject
Project("{9A19103F-16F7-4668-BE54-9A1E7A4F7556}") = "LigaStavok.UdfsNext.Line.Clustering.Client", "LigaStavok.UdfsNext.Line.Client\LigaStavok.UdfsNext.Line.Clustering.Client.csproj", "{CCA98FB6-90C0-4C4E-9FE4-A872FA247377}"
EndProject
Project("{9A19103F-16F7-4668-BE54-9A1E7A4F7556}") = "LigaStavok.UdfsNext.Line.Runtime", "LigaStavok.UdfsNext.Line.Runtime\LigaStavok.UdfsNext.Line.Runtime.csproj", "{AAE634E3-BA44-4A6B-8E80-BFCD9B25542B}"
EndProject
Project("{9A19103F-16F7-4668-BE54-9A1E7A4F7556}") = "LigaStavok.UdfsNext.Line.Service", "LigaStavok.UdfsNext.Line.Service\LigaStavok.UdfsNext.Line.Service.csproj", "{0D4A24A4-E668-4166-9791-42B29F32289A}"
EndProject
Project("{9A19103F-16F7-4668-BE54-9A1E7A4F7556}") = "LigaStavok.UdfsNext.Line.Primitives", "LigaStavok.UdfsNext.Line.Primitives\LigaStavok.UdfsNext.Line.Primitives.csproj", "{74AF9C12-7259-4F6F-8833-DDDCE31B528D}"
EndProject
Project("{9A19103F-16F7-4668-BE54-9A1E7A4F7556}") = "LigaStavok.UdfsNext.Primitives", "LigaStavok.UdfsNext.Primitives\LigaStavok.UdfsNext.Primitives.csproj", "{2416F82F-6B5E-4F22-8624-6963E7EA0D48}"
EndProject
Project("{9A19103F-16F7-4668-BE54-9A1E7A4F7556}") = "LigaStavok.UdfsNext.Line.EntityFramework", "LigaStavok.UdfsNext.Line.EntityFramework\LigaStavok.UdfsNext.Line.EntityFramework.csproj", "{319C66E4-95A1-4119-A3A7-C98919905363}"
EndProject
Project("{9A19103F-16F7-4668-BE54-9A1E7A4F7556}") = "LigaStavok.UdfsNext.HealthCheck", "LigaStavok.UdfsNext.HealthCheck\LigaStavok.UdfsNext.HealthCheck.csproj", "{FFBBA1DC-A5BA-4A20-8E4C-DED9B0611D50}"
EndProject
Project("{9A19103F-16F7-4668-BE54-9A1E7A4F7556}") = "LigaStavok.UdfsNext.Line.Clustering", "LigaStavok.UdfsNext.Line.Clustering\LigaStavok.UdfsNext.Line.Clustering.csproj", "{21CD5A14-94FF-42A0-8886-E7FE66B40A48}"
EndProject
Project("{2150E333-8FDC-42A3-9474-1A3956D46DE8}") = "BetRadar", "BetRadar", "{D4516FBE-81B6-4D2C-98E5-DBAD9D49D0E0}"
	ProjectSection(SolutionItems) = preProject
		Documents.txt = Documents.txt
	EndProjectSection
EndProject
Project("{2150E333-8FDC-42A3-9474-1A3956D46DE8}") = "BetGenius", "BetGenius", "{EC9FD526-B664-444E-A594-41AC653AE1F0}"
EndProject
Project("{9A19103F-16F7-4668-BE54-9A1E7A4F7556}") = "LigaStavok.UdfsNext.Provider.BetRadar.Runtime", "LigaStavok.UdfsNext.Provider.BetRadar.RunTime\LigaStavok.UdfsNext.Provider.BetRadar.Runtime.csproj", "{E6188CBC-E465-4939-AEC0-4F1F6BC705DC}"
EndProject
Project("{2150E333-8FDC-42A3-9474-1A3956D46DE8}") = "SportLevel", "SportLevel", "{32221FEF-E53D-4BCB-B865-5009F5A6A0E8}"
EndProject
Project("{9A19103F-16F7-4668-BE54-9A1E7A4F7556}") = "LigaStavok.UdfsNext.Provider.SportLevel.Runtime", "LigaStavok.UdfsNext.Provider.SportLevel.Runtime\LigaStavok.UdfsNext.Provider.SportLevel.Runtime.csproj", "{DC862790-FF1D-4DE0-B993-9E69A068864C}"
EndProject
Project("{9A19103F-16F7-4668-BE54-9A1E7A4F7556}") = "LigaStavok.UdfsNext.Provider.SportLevel.Runtime.Interfaces", "LigaStavok.UdfsNext.Provider.SportLevel.Runtime.Interfaces\LigaStavok.UdfsNext.Provider.SportLevel.Runtime.Interfaces.csproj", "{06A9321A-7367-4FA1-9B14-143802494996}"
EndProject
Project("{9A19103F-16F7-4668-BE54-9A1E7A4F7556}") = "LigaStavok.UdfsNext.Provider.SportLevel.Orleans", "LigaStavok.UdfsNext.Provider.SportLevel.Orleans\LigaStavok.UdfsNext.Provider.SportLevel.Orleans.csproj", "{850492D6-5813-43D7-95CF-EF321B1074AB}"
EndProject
Project("{9A19103F-16F7-4668-BE54-9A1E7A4F7556}") = "LigaStavok.UdfsNext.Provider.SportLevel.Orleans.Interfaces", "LigaStavok.UdfsNext.Provider.SportLevel.Orleans.Interfaces\LigaStavok.UdfsNext.Provider.SportLevel.Orleans.Interfaces.csproj", "{C3846A5B-BB06-4889-8539-679C977401FB}"
EndProject
Project("{9A19103F-16F7-4668-BE54-9A1E7A4F7556}") = "LigaStavok.Websocket", "LigaStavok.WebSocket\LigaStavok.Websocket.csproj", "{FCF9B14A-A162-4E80-A2E7-5B32BBC00C28}"
EndProject
Project("{2150E333-8FDC-42A3-9474-1A3956D46DE8}") = "Common", "Common", "{DD1D0D24-C27B-4CB5-9DAA-67688C93E06A}"
EndProject
Project("{9A19103F-16F7-4668-BE54-9A1E7A4F7556}") = "LigaStavok.UdfsNext.Provider.SportLevel.Runtime.Primitives", "LigaStavok.UdfsNext.Provider.SportLevel.Runtime.Primitives\LigaStavok.UdfsNext.Provider.SportLevel.Runtime.Primitives.csproj", "{2E54C9F4-D3A5-4779-AFDB-5F47BCEB0FBE}"
EndProject
Project("{9A19103F-16F7-4668-BE54-9A1E7A4F7556}") = "LigaStavok.Threading", "LigaStavok.Threading\LigaStavok.Threading.csproj", "{EEAE81DA-3ADB-4E8D-AADB-77ADC48548CD}"
EndProject
Project("{9A19103F-16F7-4668-BE54-9A1E7A4F7556}") = "LigaStavok.UdfsNext.Provider.SportLevel.Adapter.Transmitter", "LigaStavok.UdfsNext.Provider.SportLevel.Adapter.Transmitter\LigaStavok.UdfsNext.Provider.SportLevel.Adapter.Transmitter.csproj", "{66D77A24-ACE6-4A06-9A7E-85452BDD274E}"
EndProject
Project("{9A19103F-16F7-4668-BE54-9A1E7A4F7556}") = "LigaStavok.UdfsNext.Dumps", "LigaStavok.UdfsNext.Dumps\LigaStavok.UdfsNext.Dumps.csproj", "{5EB93AF1-619C-4CE3-9D4A-8E62B02950B6}"
EndProject
Project("{9A19103F-16F7-4668-BE54-9A1E7A4F7556}") = "LigaStavok.UdfsNext.Orleans.Configuration", "LigaStavok.UdfsNext.Orleans.Configuration\LigaStavok.UdfsNext.Orleans.Configuration.csproj", "{7F5B31BA-6A01-49CB-B07E-B8F54B5F1642}"
EndProject
Project("{9A19103F-16F7-4668-BE54-9A1E7A4F7556}") = "LigaStavok.UdfsNext.Dumps.Configuration", "LigaStavok.UdfsNext.Dumps.Configuration\LigaStavok.UdfsNext.Dumps.Configuration.csproj", "{A1FF6F19-AB2D-4C65-ADCC-1160930D135F}"
EndProject
Project("{9A19103F-16F7-4668-BE54-9A1E7A4F7556}") = "LigaStavok.UdfsNext.Provider.SportLevel.Host", "LigaStavok.UdfsNext.Provider.SportLevel.Host\LigaStavok.UdfsNext.Provider.SportLevel.Host.csproj", "{8D39CC68-E388-4E2A-BDD3-F4F940F3C711}"
EndProject
Project("{9A19103F-16F7-4668-BE54-9A1E7A4F7556}") = "LigaStavok.UdfsNext.Provider.SportLevel.Host.Console", "LigaStavok.UdfsNext.Provider.SportLevel.Host.Console\LigaStavok.UdfsNext.Provider.SportLevel.Host.Console.csproj", "{5C49D67B-3378-4FC9-AFC0-70E659E0A742}"
EndProject
Project("{9A19103F-16F7-4668-BE54-9A1E7A4F7556}") = "LigaStavok.UdfsNext.Provider.SportLevel.Host.WindowsService", "LigaStavok.UdfsNext.Provider.SportLevel.Host.WindowsService\LigaStavok.UdfsNext.Provider.SportLevel.Host.WindowsService.csproj", "{B8313C1C-4DB0-4560-8D19-0E19AF3838BF}"
EndProject
Project("{2150E333-8FDC-42A3-9474-1A3956D46DE8}") = "SportingSolutions", "SportingSolutions", "{1B4CA52F-194D-4684-BA3F-81E75C167CB7}"
EndProject
Project("{9A19103F-16F7-4668-BE54-9A1E7A4F7556}") = "LigaStavok.UdfsNext.Provider.SportingSolutions.Adapter.Transmitter", "LigaStavok.UdfsNext.Provider.SportingSolutions.Adapter.Transmitter\LigaStavok.UdfsNext.Provider.SportingSolutions.Adapter.Transmitter.csproj", "{BA9156D6-9619-4D68-8F73-36DE7A9C692C}"
EndProject
Project("{9A19103F-16F7-4668-BE54-9A1E7A4F7556}") = "LigaStavok.UdfsNext.Provider.SportingSolutions.Runtime", "LigaStavok.UdfsNext.Provider.SportingSolutions.Runtime\LigaStavok.UdfsNext.Provider.SportingSolutions.Runtime.csproj", "{BD0AE445-20DD-4A34-BC77-C5497F1C0F7D}"
EndProject
Project("{9A19103F-16F7-4668-BE54-9A1E7A4F7556}") = "LigaStavok.UdfsNext.Provider.SportingSolutions.Runtime.Interfaces", "LigaStavok.UdfsNext.Provider.SportingSolutions.Runtime.Interfaces\LigaStavok.UdfsNext.Provider.SportingSolutions.Runtime.Interfaces.csproj", "{974A92EF-557B-4E32-B6A9-F407CD11CE5C}"
EndProject
Project("{9A19103F-16F7-4668-BE54-9A1E7A4F7556}") = "LigaStavok.UdfsNext.Provider.SportingSolutions.Runtime.Primitives", "LigaStavok.UdfsNext.Provider.SportingSolutions.Runtime.Primitives\LigaStavok.UdfsNext.Provider.SportingSolutions.Runtime.Primitives.csproj", "{4A720704-35E7-4AA6-8703-3989E777FB26}"
EndProject
Project("{9A19103F-16F7-4668-BE54-9A1E7A4F7556}") = "LigaStavok.UdfsNext.Provider.SportingSolutions.Orleans", "LigaStavok.UdfsNext.Provider.SportingSolutions.Orleans\LigaStavok.UdfsNext.Provider.SportingSolutions.Orleans.csproj", "{F80EB584-0977-4C7E-A5A0-FD9B43F7D5DA}"
EndProject
Project("{9A19103F-16F7-4668-BE54-9A1E7A4F7556}") = "LigaStavok.UdfsNext.Provider.SportingSolutions.Orleans.Interfaces", "LigaStavok.UdfsNext.Provider.SportingSolutions.Orleans.Interfaces\LigaStavok.UdfsNext.Provider.SportingSolutions.Orleans.Interfaces.csproj", "{C3CBCC3E-967F-4896-8A61-21101618EB39}"
EndProject
Project("{9A19103F-16F7-4668-BE54-9A1E7A4F7556}") = "LigaStavok.UdfsNext.Provider.SportingSolutions.Host", "LigaStavok.UdfsNext.Provider.SportingSolutions.Host\LigaStavok.UdfsNext.Provider.SportingSolutions.Host.csproj", "{D12C5D18-AC74-4C5E-882F-98B2760F0D87}"
EndProject
Project("{9A19103F-16F7-4668-BE54-9A1E7A4F7556}") = "LigaStavok.UdfsNext.Provider.SportingSolutions.Host.Console", "LigaStavok.UdfsNext.Provider.SportingSolutions.Host.Console\LigaStavok.UdfsNext.Provider.SportingSolutions.Host.Console.csproj", "{65F0F588-5739-47C2-B5EF-A45646677DDD}"
EndProject
Project("{9A19103F-16F7-4668-BE54-9A1E7A4F7556}") = "LigaStavok.UdfsNext.Provider.BetRadar.Interfaces", "LigaStavok.UdfsNext.Provider.BetRadar.Runtime.Interfaces\LigaStavok.UdfsNext.Provider.BetRadar.Interfaces.csproj", "{D724E4FD-5B2D-4A88-9827-BD925F07DB0D}"
EndProject
Project("{FAE04EC0-301F-11D3-BF4B-00C04F79EFBC}") = "LigaStavok.UdfsNext.Provider.BetRadar.Runtime.Primitives", "LigaStavok.UdfsNext.Provider.BetRadar.Runtime.Primitives\LigaStavok.UdfsNext.Provider.BetRadar.Runtime.Primitives.csproj", "{E9CFDD75-5AE8-4F12-8B0F-EA1E004E68BE}"
EndProject
Project("{FAE04EC0-301F-11D3-BF4B-00C04F79EFBC}") = "LigaStavok.UdfsNext.Provider.BetRadar.Orleans", "LigaStavok.UdfsNext.Provider.BetRadar.Orleans\LigaStavok.UdfsNext.Provider.BetRadar.Orleans.csproj", "{11F0A990-B49E-4C08-AD23-1469F49154D7}"
EndProject
Project("{FAE04EC0-301F-11D3-BF4B-00C04F79EFBC}") = "LigaStavok.UdfsNext.Provider.BetRadar.Orleans.Interfaces", "LigaStavok.UdfsNext.Provider.BetRadar.Orleans.Interfaces\LigaStavok.UdfsNext.Provider.BetRadar.Orleans.Interfaces.csproj", "{3BA3F7C6-1854-4AEE-AB64-6521E396D0F0}"
EndProject
Project("{FAE04EC0-301F-11D3-BF4B-00C04F79EFBC}") = "LigaStavok.UdfsNext.Provider.BetRadar.Adapter.Transmitter", "LigaStavok.UdfsNext.Provider.BetRadar.Adapter.Transmitter\LigaStavok.UdfsNext.Provider.BetRadar.Adapter.Transmitter.csproj", "{F0C109F0-0EDC-41B4-873D-0C2F24CED0DB}"
EndProject
Project("{FAE04EC0-301F-11D3-BF4B-00C04F79EFBC}") = "LigaStavok.UdfsNext.Provider.BetRadar.Host", "LigaStavok.UdfsNext.Provider.BetRadar.Host\LigaStavok.UdfsNext.Provider.BetRadar.Host.csproj", "{4903F2C8-42B1-4110-8D8E-7026C78682D2}"
EndProject
Project("{FAE04EC0-301F-11D3-BF4B-00C04F79EFBC}") = "LigaStavok.UdfsNext.Provider.BetRadar.Orleans.Console", "LigaStavok.UdfsNext.Provider.BetRadar.Orleans.Console\LigaStavok.UdfsNext.Provider.BetRadar.Orleans.Console.csproj", "{65B203DF-290A-413F-8E5A-F354BC6CF7FB}"
EndProject
Project("{9A19103F-16F7-4668-BE54-9A1E7A4F7556}") = "LigaStavok.RabbitMQ", "LigaStavok.RabbitMQ\LigaStavok.RabbitMQ.csproj", "{16EB90DC-7095-497E-83A3-D81D584E630B}"
EndProject
Project("{9A19103F-16F7-4668-BE54-9A1E7A4F7556}") = "LigaStavok.UdfsNext.Provider.SportLevel.Adapter.Transmitter.Tests", "LigaStavok.UdfsNext.Provider.SportLevel.Adapter.Transmitter.Tests\LigaStavok.UdfsNext.Provider.SportLevel.Adapter.Transmitter.Tests.csproj", "{9200B1E4-EBD2-4277-AC94-7DC289523CEC}"
EndProject
Project("{FAE04EC0-301F-11D3-BF4B-00C04F79EFBC}") = "LigaStavok.UdfsNext.Providers.Orleans", "LigaStavok.UdfsNext.Providers.Orleans\LigaStavok.UdfsNext.Providers.Orleans.csproj", "{6B647298-E0A1-4A10-BC9F-A5DA2169FFBB}"
EndProject
Project("{FAE04EC0-301F-11D3-BF4B-00C04F79EFBC}") = "LigaStavok.UdfsNext.Providers.Runtime.Interfaces", "LigaStavok.UdfsNext.Providers.Runtime.Interfaces\LigaStavok.UdfsNext.Providers.Runtime.Interfaces.csproj", "{7012C79F-97F1-4C29-A66E-56FCA36479A1}"
EndProject
Global
	GlobalSection(SolutionConfigurationPlatforms) = preSolution
		BetRadar|Any CPU = BetRadar|Any CPU
		Debug|Any CPU = Debug|Any CPU
		Release|Any CPU = Release|Any CPU
	EndGlobalSection
	GlobalSection(ProjectConfigurationPlatforms) = postSolution
		{A18BA83C-09A6-4A4C-91E3-1EE702B680CC}.BetRadar|Any CPU.ActiveCfg = BetRadar|Any CPU
		{A18BA83C-09A6-4A4C-91E3-1EE702B680CC}.BetRadar|Any CPU.Build.0 = BetRadar|Any CPU
		{A18BA83C-09A6-4A4C-91E3-1EE702B680CC}.Debug|Any CPU.ActiveCfg = Debug|Any CPU
		{A18BA83C-09A6-4A4C-91E3-1EE702B680CC}.Debug|Any CPU.Build.0 = Debug|Any CPU
		{A18BA83C-09A6-4A4C-91E3-1EE702B680CC}.Release|Any CPU.ActiveCfg = Release|Any CPU
		{A18BA83C-09A6-4A4C-91E3-1EE702B680CC}.Release|Any CPU.Build.0 = Release|Any CPU
		{6D7889AF-A79C-4834-87A8-6F5F5F050E59}.BetRadar|Any CPU.ActiveCfg = BetRadar|Any CPU
		{6D7889AF-A79C-4834-87A8-6F5F5F050E59}.BetRadar|Any CPU.Build.0 = BetRadar|Any CPU
		{6D7889AF-A79C-4834-87A8-6F5F5F050E59}.Debug|Any CPU.ActiveCfg = Debug|Any CPU
		{6D7889AF-A79C-4834-87A8-6F5F5F050E59}.Debug|Any CPU.Build.0 = Debug|Any CPU
		{6D7889AF-A79C-4834-87A8-6F5F5F050E59}.Release|Any CPU.ActiveCfg = Release|Any CPU
		{6D7889AF-A79C-4834-87A8-6F5F5F050E59}.Release|Any CPU.Build.0 = Release|Any CPU
		{CCA98FB6-90C0-4C4E-9FE4-A872FA247377}.BetRadar|Any CPU.ActiveCfg = BetRadar|Any CPU
		{CCA98FB6-90C0-4C4E-9FE4-A872FA247377}.BetRadar|Any CPU.Build.0 = BetRadar|Any CPU
		{CCA98FB6-90C0-4C4E-9FE4-A872FA247377}.Debug|Any CPU.ActiveCfg = Debug|Any CPU
		{CCA98FB6-90C0-4C4E-9FE4-A872FA247377}.Debug|Any CPU.Build.0 = Debug|Any CPU
		{CCA98FB6-90C0-4C4E-9FE4-A872FA247377}.Release|Any CPU.ActiveCfg = Release|Any CPU
		{CCA98FB6-90C0-4C4E-9FE4-A872FA247377}.Release|Any CPU.Build.0 = Release|Any CPU
		{AAE634E3-BA44-4A6B-8E80-BFCD9B25542B}.BetRadar|Any CPU.ActiveCfg = BetRadar|Any CPU
		{AAE634E3-BA44-4A6B-8E80-BFCD9B25542B}.BetRadar|Any CPU.Build.0 = BetRadar|Any CPU
		{AAE634E3-BA44-4A6B-8E80-BFCD9B25542B}.Debug|Any CPU.ActiveCfg = Debug|Any CPU
		{AAE634E3-BA44-4A6B-8E80-BFCD9B25542B}.Debug|Any CPU.Build.0 = Debug|Any CPU
		{AAE634E3-BA44-4A6B-8E80-BFCD9B25542B}.Release|Any CPU.ActiveCfg = Release|Any CPU
		{AAE634E3-BA44-4A6B-8E80-BFCD9B25542B}.Release|Any CPU.Build.0 = Release|Any CPU
		{0D4A24A4-E668-4166-9791-42B29F32289A}.BetRadar|Any CPU.ActiveCfg = BetRadar|Any CPU
		{0D4A24A4-E668-4166-9791-42B29F32289A}.BetRadar|Any CPU.Build.0 = BetRadar|Any CPU
		{0D4A24A4-E668-4166-9791-42B29F32289A}.Debug|Any CPU.ActiveCfg = Debug|Any CPU
		{0D4A24A4-E668-4166-9791-42B29F32289A}.Debug|Any CPU.Build.0 = Debug|Any CPU
		{0D4A24A4-E668-4166-9791-42B29F32289A}.Release|Any CPU.ActiveCfg = Release|Any CPU
		{0D4A24A4-E668-4166-9791-42B29F32289A}.Release|Any CPU.Build.0 = Release|Any CPU
		{74AF9C12-7259-4F6F-8833-DDDCE31B528D}.BetRadar|Any CPU.ActiveCfg = BetRadar|Any CPU
		{74AF9C12-7259-4F6F-8833-DDDCE31B528D}.BetRadar|Any CPU.Build.0 = BetRadar|Any CPU
		{74AF9C12-7259-4F6F-8833-DDDCE31B528D}.Debug|Any CPU.ActiveCfg = Debug|Any CPU
		{74AF9C12-7259-4F6F-8833-DDDCE31B528D}.Debug|Any CPU.Build.0 = Debug|Any CPU
		{74AF9C12-7259-4F6F-8833-DDDCE31B528D}.Release|Any CPU.ActiveCfg = Release|Any CPU
		{74AF9C12-7259-4F6F-8833-DDDCE31B528D}.Release|Any CPU.Build.0 = Release|Any CPU
		{2416F82F-6B5E-4F22-8624-6963E7EA0D48}.BetRadar|Any CPU.ActiveCfg = BetRadar|Any CPU
		{2416F82F-6B5E-4F22-8624-6963E7EA0D48}.BetRadar|Any CPU.Build.0 = BetRadar|Any CPU
		{2416F82F-6B5E-4F22-8624-6963E7EA0D48}.Debug|Any CPU.ActiveCfg = Debug|Any CPU
		{2416F82F-6B5E-4F22-8624-6963E7EA0D48}.Debug|Any CPU.Build.0 = Debug|Any CPU
		{2416F82F-6B5E-4F22-8624-6963E7EA0D48}.Release|Any CPU.ActiveCfg = Release|Any CPU
		{2416F82F-6B5E-4F22-8624-6963E7EA0D48}.Release|Any CPU.Build.0 = Release|Any CPU
		{319C66E4-95A1-4119-A3A7-C98919905363}.BetRadar|Any CPU.ActiveCfg = Release|Any CPU
		{319C66E4-95A1-4119-A3A7-C98919905363}.BetRadar|Any CPU.Build.0 = Release|Any CPU
		{319C66E4-95A1-4119-A3A7-C98919905363}.Debug|Any CPU.ActiveCfg = Debug|Any CPU
		{319C66E4-95A1-4119-A3A7-C98919905363}.Debug|Any CPU.Build.0 = Debug|Any CPU
		{319C66E4-95A1-4119-A3A7-C98919905363}.Release|Any CPU.ActiveCfg = Release|Any CPU
		{319C66E4-95A1-4119-A3A7-C98919905363}.Release|Any CPU.Build.0 = Release|Any CPU
		{FFBBA1DC-A5BA-4A20-8E4C-DED9B0611D50}.BetRadar|Any CPU.ActiveCfg = Release|Any CPU
		{FFBBA1DC-A5BA-4A20-8E4C-DED9B0611D50}.BetRadar|Any CPU.Build.0 = Release|Any CPU
		{FFBBA1DC-A5BA-4A20-8E4C-DED9B0611D50}.Debug|Any CPU.ActiveCfg = Debug|Any CPU
		{FFBBA1DC-A5BA-4A20-8E4C-DED9B0611D50}.Debug|Any CPU.Build.0 = Debug|Any CPU
		{FFBBA1DC-A5BA-4A20-8E4C-DED9B0611D50}.Release|Any CPU.ActiveCfg = Release|Any CPU
		{FFBBA1DC-A5BA-4A20-8E4C-DED9B0611D50}.Release|Any CPU.Build.0 = Release|Any CPU
		{21CD5A14-94FF-42A0-8886-E7FE66B40A48}.BetRadar|Any CPU.ActiveCfg = Debug|Any CPU
		{21CD5A14-94FF-42A0-8886-E7FE66B40A48}.BetRadar|Any CPU.Build.0 = Debug|Any CPU
		{21CD5A14-94FF-42A0-8886-E7FE66B40A48}.Debug|Any CPU.ActiveCfg = Debug|Any CPU
		{21CD5A14-94FF-42A0-8886-E7FE66B40A48}.Debug|Any CPU.Build.0 = Debug|Any CPU
		{21CD5A14-94FF-42A0-8886-E7FE66B40A48}.Release|Any CPU.ActiveCfg = Release|Any CPU
		{21CD5A14-94FF-42A0-8886-E7FE66B40A48}.Release|Any CPU.Build.0 = Release|Any CPU
		{E6188CBC-E465-4939-AEC0-4F1F6BC705DC}.BetRadar|Any CPU.ActiveCfg = Debug|Any CPU
		{E6188CBC-E465-4939-AEC0-4F1F6BC705DC}.BetRadar|Any CPU.Build.0 = Debug|Any CPU
		{E6188CBC-E465-4939-AEC0-4F1F6BC705DC}.Debug|Any CPU.ActiveCfg = Debug|Any CPU
		{E6188CBC-E465-4939-AEC0-4F1F6BC705DC}.Debug|Any CPU.Build.0 = Debug|Any CPU
		{E6188CBC-E465-4939-AEC0-4F1F6BC705DC}.Release|Any CPU.ActiveCfg = Release|Any CPU
		{E6188CBC-E465-4939-AEC0-4F1F6BC705DC}.Release|Any CPU.Build.0 = Release|Any CPU
		{DC862790-FF1D-4DE0-B993-9E69A068864C}.BetRadar|Any CPU.ActiveCfg = Debug|Any CPU
		{DC862790-FF1D-4DE0-B993-9E69A068864C}.BetRadar|Any CPU.Build.0 = Debug|Any CPU
		{DC862790-FF1D-4DE0-B993-9E69A068864C}.Debug|Any CPU.ActiveCfg = Debug|Any CPU
		{DC862790-FF1D-4DE0-B993-9E69A068864C}.Debug|Any CPU.Build.0 = Debug|Any CPU
		{DC862790-FF1D-4DE0-B993-9E69A068864C}.Release|Any CPU.ActiveCfg = Release|Any CPU
		{DC862790-FF1D-4DE0-B993-9E69A068864C}.Release|Any CPU.Build.0 = Release|Any CPU
		{06A9321A-7367-4FA1-9B14-143802494996}.BetRadar|Any CPU.ActiveCfg = Debug|Any CPU
		{06A9321A-7367-4FA1-9B14-143802494996}.BetRadar|Any CPU.Build.0 = Debug|Any CPU
		{06A9321A-7367-4FA1-9B14-143802494996}.Debug|Any CPU.ActiveCfg = Debug|Any CPU
		{06A9321A-7367-4FA1-9B14-143802494996}.Debug|Any CPU.Build.0 = Debug|Any CPU
		{06A9321A-7367-4FA1-9B14-143802494996}.Release|Any CPU.ActiveCfg = Release|Any CPU
		{06A9321A-7367-4FA1-9B14-143802494996}.Release|Any CPU.Build.0 = Release|Any CPU
		{850492D6-5813-43D7-95CF-EF321B1074AB}.BetRadar|Any CPU.ActiveCfg = Debug|Any CPU
		{850492D6-5813-43D7-95CF-EF321B1074AB}.BetRadar|Any CPU.Build.0 = Debug|Any CPU
		{850492D6-5813-43D7-95CF-EF321B1074AB}.Debug|Any CPU.ActiveCfg = Debug|Any CPU
		{850492D6-5813-43D7-95CF-EF321B1074AB}.Debug|Any CPU.Build.0 = Debug|Any CPU
		{850492D6-5813-43D7-95CF-EF321B1074AB}.Release|Any CPU.ActiveCfg = Release|Any CPU
		{850492D6-5813-43D7-95CF-EF321B1074AB}.Release|Any CPU.Build.0 = Release|Any CPU
		{C3846A5B-BB06-4889-8539-679C977401FB}.BetRadar|Any CPU.ActiveCfg = Debug|Any CPU
		{C3846A5B-BB06-4889-8539-679C977401FB}.BetRadar|Any CPU.Build.0 = Debug|Any CPU
		{C3846A5B-BB06-4889-8539-679C977401FB}.Debug|Any CPU.ActiveCfg = Debug|Any CPU
		{C3846A5B-BB06-4889-8539-679C977401FB}.Debug|Any CPU.Build.0 = Debug|Any CPU
		{C3846A5B-BB06-4889-8539-679C977401FB}.Release|Any CPU.ActiveCfg = Release|Any CPU
		{C3846A5B-BB06-4889-8539-679C977401FB}.Release|Any CPU.Build.0 = Release|Any CPU
		{FCF9B14A-A162-4E80-A2E7-5B32BBC00C28}.BetRadar|Any CPU.ActiveCfg = Debug|Any CPU
		{FCF9B14A-A162-4E80-A2E7-5B32BBC00C28}.BetRadar|Any CPU.Build.0 = Debug|Any CPU
		{FCF9B14A-A162-4E80-A2E7-5B32BBC00C28}.Debug|Any CPU.ActiveCfg = Debug|Any CPU
		{FCF9B14A-A162-4E80-A2E7-5B32BBC00C28}.Debug|Any CPU.Build.0 = Debug|Any CPU
		{FCF9B14A-A162-4E80-A2E7-5B32BBC00C28}.Release|Any CPU.ActiveCfg = Release|Any CPU
		{FCF9B14A-A162-4E80-A2E7-5B32BBC00C28}.Release|Any CPU.Build.0 = Release|Any CPU
		{2E54C9F4-D3A5-4779-AFDB-5F47BCEB0FBE}.BetRadar|Any CPU.ActiveCfg = Debug|Any CPU
		{2E54C9F4-D3A5-4779-AFDB-5F47BCEB0FBE}.BetRadar|Any CPU.Build.0 = Debug|Any CPU
		{2E54C9F4-D3A5-4779-AFDB-5F47BCEB0FBE}.Debug|Any CPU.ActiveCfg = Debug|Any CPU
		{2E54C9F4-D3A5-4779-AFDB-5F47BCEB0FBE}.Debug|Any CPU.Build.0 = Debug|Any CPU
		{2E54C9F4-D3A5-4779-AFDB-5F47BCEB0FBE}.Release|Any CPU.ActiveCfg = Release|Any CPU
		{2E54C9F4-D3A5-4779-AFDB-5F47BCEB0FBE}.Release|Any CPU.Build.0 = Release|Any CPU
		{EEAE81DA-3ADB-4E8D-AADB-77ADC48548CD}.BetRadar|Any CPU.ActiveCfg = Debug|Any CPU
		{EEAE81DA-3ADB-4E8D-AADB-77ADC48548CD}.BetRadar|Any CPU.Build.0 = Debug|Any CPU
		{EEAE81DA-3ADB-4E8D-AADB-77ADC48548CD}.Debug|Any CPU.ActiveCfg = Debug|Any CPU
		{EEAE81DA-3ADB-4E8D-AADB-77ADC48548CD}.Debug|Any CPU.Build.0 = Debug|Any CPU
		{EEAE81DA-3ADB-4E8D-AADB-77ADC48548CD}.Release|Any CPU.ActiveCfg = Release|Any CPU
		{EEAE81DA-3ADB-4E8D-AADB-77ADC48548CD}.Release|Any CPU.Build.0 = Release|Any CPU
		{66D77A24-ACE6-4A06-9A7E-85452BDD274E}.BetRadar|Any CPU.ActiveCfg = Debug|Any CPU
		{66D77A24-ACE6-4A06-9A7E-85452BDD274E}.BetRadar|Any CPU.Build.0 = Debug|Any CPU
		{66D77A24-ACE6-4A06-9A7E-85452BDD274E}.Debug|Any CPU.ActiveCfg = Debug|Any CPU
		{66D77A24-ACE6-4A06-9A7E-85452BDD274E}.Debug|Any CPU.Build.0 = Debug|Any CPU
		{66D77A24-ACE6-4A06-9A7E-85452BDD274E}.Release|Any CPU.ActiveCfg = Release|Any CPU
		{66D77A24-ACE6-4A06-9A7E-85452BDD274E}.Release|Any CPU.Build.0 = Release|Any CPU
		{5EB93AF1-619C-4CE3-9D4A-8E62B02950B6}.BetRadar|Any CPU.ActiveCfg = Debug|Any CPU
		{5EB93AF1-619C-4CE3-9D4A-8E62B02950B6}.BetRadar|Any CPU.Build.0 = Debug|Any CPU
		{5EB93AF1-619C-4CE3-9D4A-8E62B02950B6}.Debug|Any CPU.ActiveCfg = Debug|Any CPU
		{5EB93AF1-619C-4CE3-9D4A-8E62B02950B6}.Debug|Any CPU.Build.0 = Debug|Any CPU
		{5EB93AF1-619C-4CE3-9D4A-8E62B02950B6}.Release|Any CPU.ActiveCfg = Release|Any CPU
		{5EB93AF1-619C-4CE3-9D4A-8E62B02950B6}.Release|Any CPU.Build.0 = Release|Any CPU
		{7F5B31BA-6A01-49CB-B07E-B8F54B5F1642}.BetRadar|Any CPU.ActiveCfg = BetRadar|Any CPU
		{7F5B31BA-6A01-49CB-B07E-B8F54B5F1642}.BetRadar|Any CPU.Build.0 = BetRadar|Any CPU
		{7F5B31BA-6A01-49CB-B07E-B8F54B5F1642}.Debug|Any CPU.ActiveCfg = Debug|Any CPU
		{7F5B31BA-6A01-49CB-B07E-B8F54B5F1642}.Debug|Any CPU.Build.0 = Debug|Any CPU
		{7F5B31BA-6A01-49CB-B07E-B8F54B5F1642}.Release|Any CPU.ActiveCfg = Release|Any CPU
		{7F5B31BA-6A01-49CB-B07E-B8F54B5F1642}.Release|Any CPU.Build.0 = Release|Any CPU
		{A1FF6F19-AB2D-4C65-ADCC-1160930D135F}.BetRadar|Any CPU.ActiveCfg = Debug|Any CPU
		{A1FF6F19-AB2D-4C65-ADCC-1160930D135F}.BetRadar|Any CPU.Build.0 = Debug|Any CPU
		{A1FF6F19-AB2D-4C65-ADCC-1160930D135F}.Debug|Any CPU.ActiveCfg = Debug|Any CPU
		{A1FF6F19-AB2D-4C65-ADCC-1160930D135F}.Debug|Any CPU.Build.0 = Debug|Any CPU
		{A1FF6F19-AB2D-4C65-ADCC-1160930D135F}.Release|Any CPU.ActiveCfg = Release|Any CPU
		{A1FF6F19-AB2D-4C65-ADCC-1160930D135F}.Release|Any CPU.Build.0 = Release|Any CPU
		{8D39CC68-E388-4E2A-BDD3-F4F940F3C711}.BetRadar|Any CPU.ActiveCfg = Debug|Any CPU
		{8D39CC68-E388-4E2A-BDD3-F4F940F3C711}.BetRadar|Any CPU.Build.0 = Debug|Any CPU
		{8D39CC68-E388-4E2A-BDD3-F4F940F3C711}.Debug|Any CPU.ActiveCfg = Debug|Any CPU
		{8D39CC68-E388-4E2A-BDD3-F4F940F3C711}.Debug|Any CPU.Build.0 = Debug|Any CPU
		{8D39CC68-E388-4E2A-BDD3-F4F940F3C711}.Release|Any CPU.ActiveCfg = Release|Any CPU
		{8D39CC68-E388-4E2A-BDD3-F4F940F3C711}.Release|Any CPU.Build.0 = Release|Any CPU
		{5C49D67B-3378-4FC9-AFC0-70E659E0A742}.BetRadar|Any CPU.ActiveCfg = Debug|Any CPU
		{5C49D67B-3378-4FC9-AFC0-70E659E0A742}.BetRadar|Any CPU.Build.0 = Debug|Any CPU
		{5C49D67B-3378-4FC9-AFC0-70E659E0A742}.Debug|Any CPU.ActiveCfg = Debug|Any CPU
		{5C49D67B-3378-4FC9-AFC0-70E659E0A742}.Debug|Any CPU.Build.0 = Debug|Any CPU
		{5C49D67B-3378-4FC9-AFC0-70E659E0A742}.Release|Any CPU.ActiveCfg = Release|Any CPU
		{5C49D67B-3378-4FC9-AFC0-70E659E0A742}.Release|Any CPU.Build.0 = Release|Any CPU
		{B8313C1C-4DB0-4560-8D19-0E19AF3838BF}.BetRadar|Any CPU.ActiveCfg = Debug|Any CPU
		{B8313C1C-4DB0-4560-8D19-0E19AF3838BF}.BetRadar|Any CPU.Build.0 = Debug|Any CPU
		{B8313C1C-4DB0-4560-8D19-0E19AF3838BF}.Debug|Any CPU.ActiveCfg = Debug|Any CPU
		{B8313C1C-4DB0-4560-8D19-0E19AF3838BF}.Debug|Any CPU.Build.0 = Debug|Any CPU
		{B8313C1C-4DB0-4560-8D19-0E19AF3838BF}.Release|Any CPU.ActiveCfg = Release|Any CPU
		{B8313C1C-4DB0-4560-8D19-0E19AF3838BF}.Release|Any CPU.Build.0 = Release|Any CPU
		{BA9156D6-9619-4D68-8F73-36DE7A9C692C}.BetRadar|Any CPU.ActiveCfg = Debug|Any CPU
		{BA9156D6-9619-4D68-8F73-36DE7A9C692C}.BetRadar|Any CPU.Build.0 = Debug|Any CPU
		{BA9156D6-9619-4D68-8F73-36DE7A9C692C}.Debug|Any CPU.ActiveCfg = Debug|Any CPU
		{BA9156D6-9619-4D68-8F73-36DE7A9C692C}.Debug|Any CPU.Build.0 = Debug|Any CPU
		{BA9156D6-9619-4D68-8F73-36DE7A9C692C}.Release|Any CPU.ActiveCfg = Release|Any CPU
		{BA9156D6-9619-4D68-8F73-36DE7A9C692C}.Release|Any CPU.Build.0 = Release|Any CPU
		{BD0AE445-20DD-4A34-BC77-C5497F1C0F7D}.BetRadar|Any CPU.ActiveCfg = Debug|Any CPU
		{BD0AE445-20DD-4A34-BC77-C5497F1C0F7D}.BetRadar|Any CPU.Build.0 = Debug|Any CPU
		{BD0AE445-20DD-4A34-BC77-C5497F1C0F7D}.Debug|Any CPU.ActiveCfg = Debug|Any CPU
		{BD0AE445-20DD-4A34-BC77-C5497F1C0F7D}.Debug|Any CPU.Build.0 = Debug|Any CPU
		{BD0AE445-20DD-4A34-BC77-C5497F1C0F7D}.Release|Any CPU.ActiveCfg = Release|Any CPU
		{BD0AE445-20DD-4A34-BC77-C5497F1C0F7D}.Release|Any CPU.Build.0 = Release|Any CPU
		{974A92EF-557B-4E32-B6A9-F407CD11CE5C}.BetRadar|Any CPU.ActiveCfg = Debug|Any CPU
		{974A92EF-557B-4E32-B6A9-F407CD11CE5C}.BetRadar|Any CPU.Build.0 = Debug|Any CPU
		{974A92EF-557B-4E32-B6A9-F407CD11CE5C}.Debug|Any CPU.ActiveCfg = Debug|Any CPU
		{974A92EF-557B-4E32-B6A9-F407CD11CE5C}.Debug|Any CPU.Build.0 = Debug|Any CPU
		{974A92EF-557B-4E32-B6A9-F407CD11CE5C}.Release|Any CPU.ActiveCfg = Release|Any CPU
		{974A92EF-557B-4E32-B6A9-F407CD11CE5C}.Release|Any CPU.Build.0 = Release|Any CPU
		{4A720704-35E7-4AA6-8703-3989E777FB26}.BetRadar|Any CPU.ActiveCfg = Debug|Any CPU
		{4A720704-35E7-4AA6-8703-3989E777FB26}.BetRadar|Any CPU.Build.0 = Debug|Any CPU
		{4A720704-35E7-4AA6-8703-3989E777FB26}.Debug|Any CPU.ActiveCfg = Debug|Any CPU
		{4A720704-35E7-4AA6-8703-3989E777FB26}.Debug|Any CPU.Build.0 = Debug|Any CPU
		{4A720704-35E7-4AA6-8703-3989E777FB26}.Release|Any CPU.ActiveCfg = Release|Any CPU
		{4A720704-35E7-4AA6-8703-3989E777FB26}.Release|Any CPU.Build.0 = Release|Any CPU
		{F80EB584-0977-4C7E-A5A0-FD9B43F7D5DA}.BetRadar|Any CPU.ActiveCfg = Debug|Any CPU
		{F80EB584-0977-4C7E-A5A0-FD9B43F7D5DA}.BetRadar|Any CPU.Build.0 = Debug|Any CPU
		{F80EB584-0977-4C7E-A5A0-FD9B43F7D5DA}.Debug|Any CPU.ActiveCfg = Debug|Any CPU
		{F80EB584-0977-4C7E-A5A0-FD9B43F7D5DA}.Debug|Any CPU.Build.0 = Debug|Any CPU
		{F80EB584-0977-4C7E-A5A0-FD9B43F7D5DA}.Release|Any CPU.ActiveCfg = Release|Any CPU
		{F80EB584-0977-4C7E-A5A0-FD9B43F7D5DA}.Release|Any CPU.Build.0 = Release|Any CPU
		{C3CBCC3E-967F-4896-8A61-21101618EB39}.BetRadar|Any CPU.ActiveCfg = Debug|Any CPU
		{C3CBCC3E-967F-4896-8A61-21101618EB39}.BetRadar|Any CPU.Build.0 = Debug|Any CPU
		{C3CBCC3E-967F-4896-8A61-21101618EB39}.Debug|Any CPU.ActiveCfg = Debug|Any CPU
		{C3CBCC3E-967F-4896-8A61-21101618EB39}.Debug|Any CPU.Build.0 = Debug|Any CPU
		{C3CBCC3E-967F-4896-8A61-21101618EB39}.Release|Any CPU.ActiveCfg = Release|Any CPU
		{C3CBCC3E-967F-4896-8A61-21101618EB39}.Release|Any CPU.Build.0 = Release|Any CPU
		{D12C5D18-AC74-4C5E-882F-98B2760F0D87}.BetRadar|Any CPU.ActiveCfg = Debug|Any CPU
		{D12C5D18-AC74-4C5E-882F-98B2760F0D87}.BetRadar|Any CPU.Build.0 = Debug|Any CPU
		{D12C5D18-AC74-4C5E-882F-98B2760F0D87}.Debug|Any CPU.ActiveCfg = Debug|Any CPU
		{D12C5D18-AC74-4C5E-882F-98B2760F0D87}.Debug|Any CPU.Build.0 = Debug|Any CPU
		{D12C5D18-AC74-4C5E-882F-98B2760F0D87}.Release|Any CPU.ActiveCfg = Release|Any CPU
		{D12C5D18-AC74-4C5E-882F-98B2760F0D87}.Release|Any CPU.Build.0 = Release|Any CPU
		{65F0F588-5739-47C2-B5EF-A45646677DDD}.BetRadar|Any CPU.ActiveCfg = Debug|Any CPU
		{65F0F588-5739-47C2-B5EF-A45646677DDD}.BetRadar|Any CPU.Build.0 = Debug|Any CPU
		{65F0F588-5739-47C2-B5EF-A45646677DDD}.Debug|Any CPU.ActiveCfg = Debug|Any CPU
		{65F0F588-5739-47C2-B5EF-A45646677DDD}.Debug|Any CPU.Build.0 = Debug|Any CPU
		{65F0F588-5739-47C2-B5EF-A45646677DDD}.Release|Any CPU.ActiveCfg = Release|Any CPU
		{65F0F588-5739-47C2-B5EF-A45646677DDD}.Release|Any CPU.Build.0 = Release|Any CPU
		{D724E4FD-5B2D-4A88-9827-BD925F07DB0D}.BetRadar|Any CPU.ActiveCfg = Debug|Any CPU
		{D724E4FD-5B2D-4A88-9827-BD925F07DB0D}.BetRadar|Any CPU.Build.0 = Debug|Any CPU
		{D724E4FD-5B2D-4A88-9827-BD925F07DB0D}.Debug|Any CPU.ActiveCfg = Debug|Any CPU
		{D724E4FD-5B2D-4A88-9827-BD925F07DB0D}.Debug|Any CPU.Build.0 = Debug|Any CPU
		{D724E4FD-5B2D-4A88-9827-BD925F07DB0D}.Release|Any CPU.ActiveCfg = Release|Any CPU
		{D724E4FD-5B2D-4A88-9827-BD925F07DB0D}.Release|Any CPU.Build.0 = Release|Any CPU
		{E9CFDD75-5AE8-4F12-8B0F-EA1E004E68BE}.BetRadar|Any CPU.ActiveCfg = Debug|Any CPU
		{E9CFDD75-5AE8-4F12-8B0F-EA1E004E68BE}.BetRadar|Any CPU.Build.0 = Debug|Any CPU
		{E9CFDD75-5AE8-4F12-8B0F-EA1E004E68BE}.Debug|Any CPU.ActiveCfg = Debug|Any CPU
		{E9CFDD75-5AE8-4F12-8B0F-EA1E004E68BE}.Debug|Any CPU.Build.0 = Debug|Any CPU
		{E9CFDD75-5AE8-4F12-8B0F-EA1E004E68BE}.Release|Any CPU.ActiveCfg = Release|Any CPU
		{E9CFDD75-5AE8-4F12-8B0F-EA1E004E68BE}.Release|Any CPU.Build.0 = Release|Any CPU
		{11F0A990-B49E-4C08-AD23-1469F49154D7}.BetRadar|Any CPU.ActiveCfg = Debug|Any CPU
		{11F0A990-B49E-4C08-AD23-1469F49154D7}.BetRadar|Any CPU.Build.0 = Debug|Any CPU
		{11F0A990-B49E-4C08-AD23-1469F49154D7}.Debug|Any CPU.ActiveCfg = Debug|Any CPU
		{11F0A990-B49E-4C08-AD23-1469F49154D7}.Debug|Any CPU.Build.0 = Debug|Any CPU
		{11F0A990-B49E-4C08-AD23-1469F49154D7}.Release|Any CPU.ActiveCfg = Release|Any CPU
		{11F0A990-B49E-4C08-AD23-1469F49154D7}.Release|Any CPU.Build.0 = Release|Any CPU
		{3BA3F7C6-1854-4AEE-AB64-6521E396D0F0}.BetRadar|Any CPU.ActiveCfg = Debug|Any CPU
		{3BA3F7C6-1854-4AEE-AB64-6521E396D0F0}.BetRadar|Any CPU.Build.0 = Debug|Any CPU
		{3BA3F7C6-1854-4AEE-AB64-6521E396D0F0}.Debug|Any CPU.ActiveCfg = Debug|Any CPU
		{3BA3F7C6-1854-4AEE-AB64-6521E396D0F0}.Debug|Any CPU.Build.0 = Debug|Any CPU
		{3BA3F7C6-1854-4AEE-AB64-6521E396D0F0}.Release|Any CPU.ActiveCfg = Release|Any CPU
		{3BA3F7C6-1854-4AEE-AB64-6521E396D0F0}.Release|Any CPU.Build.0 = Release|Any CPU
		{F0C109F0-0EDC-41B4-873D-0C2F24CED0DB}.BetRadar|Any CPU.ActiveCfg = Debug|Any CPU
		{F0C109F0-0EDC-41B4-873D-0C2F24CED0DB}.BetRadar|Any CPU.Build.0 = Debug|Any CPU
		{F0C109F0-0EDC-41B4-873D-0C2F24CED0DB}.Debug|Any CPU.ActiveCfg = Debug|Any CPU
		{F0C109F0-0EDC-41B4-873D-0C2F24CED0DB}.Debug|Any CPU.Build.0 = Debug|Any CPU
		{F0C109F0-0EDC-41B4-873D-0C2F24CED0DB}.Release|Any CPU.ActiveCfg = Release|Any CPU
		{F0C109F0-0EDC-41B4-873D-0C2F24CED0DB}.Release|Any CPU.Build.0 = Release|Any CPU
		{4903F2C8-42B1-4110-8D8E-7026C78682D2}.BetRadar|Any CPU.ActiveCfg = Debug|Any CPU
		{4903F2C8-42B1-4110-8D8E-7026C78682D2}.BetRadar|Any CPU.Build.0 = Debug|Any CPU
		{4903F2C8-42B1-4110-8D8E-7026C78682D2}.Debug|Any CPU.ActiveCfg = Debug|Any CPU
		{4903F2C8-42B1-4110-8D8E-7026C78682D2}.Debug|Any CPU.Build.0 = Debug|Any CPU
		{4903F2C8-42B1-4110-8D8E-7026C78682D2}.Release|Any CPU.ActiveCfg = Release|Any CPU
		{4903F2C8-42B1-4110-8D8E-7026C78682D2}.Release|Any CPU.Build.0 = Release|Any CPU
		{65B203DF-290A-413F-8E5A-F354BC6CF7FB}.BetRadar|Any CPU.ActiveCfg = Debug|Any CPU
		{65B203DF-290A-413F-8E5A-F354BC6CF7FB}.BetRadar|Any CPU.Build.0 = Debug|Any CPU
		{65B203DF-290A-413F-8E5A-F354BC6CF7FB}.Debug|Any CPU.ActiveCfg = Debug|Any CPU
		{65B203DF-290A-413F-8E5A-F354BC6CF7FB}.Debug|Any CPU.Build.0 = Debug|Any CPU
		{65B203DF-290A-413F-8E5A-F354BC6CF7FB}.Release|Any CPU.ActiveCfg = Release|Any CPU
		{65B203DF-290A-413F-8E5A-F354BC6CF7FB}.Release|Any CPU.Build.0 = Release|Any CPU
		{16EB90DC-7095-497E-83A3-D81D584E630B}.BetRadar|Any CPU.ActiveCfg = Debug|Any CPU
		{16EB90DC-7095-497E-83A3-D81D584E630B}.BetRadar|Any CPU.Build.0 = Debug|Any CPU
		{16EB90DC-7095-497E-83A3-D81D584E630B}.Debug|Any CPU.ActiveCfg = Debug|Any CPU
		{16EB90DC-7095-497E-83A3-D81D584E630B}.Debug|Any CPU.Build.0 = Debug|Any CPU
		{16EB90DC-7095-497E-83A3-D81D584E630B}.Release|Any CPU.ActiveCfg = Release|Any CPU
		{16EB90DC-7095-497E-83A3-D81D584E630B}.Release|Any CPU.Build.0 = Release|Any CPU
		{9200B1E4-EBD2-4277-AC94-7DC289523CEC}.BetRadar|Any CPU.ActiveCfg = Debug|Any CPU
		{9200B1E4-EBD2-4277-AC94-7DC289523CEC}.BetRadar|Any CPU.Build.0 = Debug|Any CPU
		{9200B1E4-EBD2-4277-AC94-7DC289523CEC}.Debug|Any CPU.ActiveCfg = Debug|Any CPU
		{9200B1E4-EBD2-4277-AC94-7DC289523CEC}.Debug|Any CPU.Build.0 = Debug|Any CPU
		{9200B1E4-EBD2-4277-AC94-7DC289523CEC}.Release|Any CPU.ActiveCfg = Release|Any CPU
		{9200B1E4-EBD2-4277-AC94-7DC289523CEC}.Release|Any CPU.Build.0 = Release|Any CPU
		{6B647298-E0A1-4A10-BC9F-A5DA2169FFBB}.BetRadar|Any CPU.ActiveCfg = Debug|Any CPU
		{6B647298-E0A1-4A10-BC9F-A5DA2169FFBB}.BetRadar|Any CPU.Build.0 = Debug|Any CPU
		{6B647298-E0A1-4A10-BC9F-A5DA2169FFBB}.Debug|Any CPU.ActiveCfg = Debug|Any CPU
		{6B647298-E0A1-4A10-BC9F-A5DA2169FFBB}.Debug|Any CPU.Build.0 = Debug|Any CPU
		{6B647298-E0A1-4A10-BC9F-A5DA2169FFBB}.Release|Any CPU.ActiveCfg = Release|Any CPU
		{6B647298-E0A1-4A10-BC9F-A5DA2169FFBB}.Release|Any CPU.Build.0 = Release|Any CPU
		{7012C79F-97F1-4C29-A66E-56FCA36479A1}.BetRadar|Any CPU.ActiveCfg = Debug|Any CPU
		{7012C79F-97F1-4C29-A66E-56FCA36479A1}.BetRadar|Any CPU.Build.0 = Debug|Any CPU
		{7012C79F-97F1-4C29-A66E-56FCA36479A1}.Debug|Any CPU.ActiveCfg = Debug|Any CPU
		{7012C79F-97F1-4C29-A66E-56FCA36479A1}.Debug|Any CPU.Build.0 = Debug|Any CPU
		{7012C79F-97F1-4C29-A66E-56FCA36479A1}.Release|Any CPU.ActiveCfg = Release|Any CPU
		{7012C79F-97F1-4C29-A66E-56FCA36479A1}.Release|Any CPU.Build.0 = Release|Any CPU
	EndGlobalSection
	GlobalSection(SolutionProperties) = preSolution
		HideSolutionNode = FALSE
	EndGlobalSection
	GlobalSection(NestedProjects) = preSolution
		{A18BA83C-09A6-4A4C-91E3-1EE702B680CC} = {8B37A67E-CFF5-4363-84C9-16B5A9173327}
		{6D7889AF-A79C-4834-87A8-6F5F5F050E59} = {C4E55EE9-3B2E-41CF-A319-FB1EA5424968}
		{CCA98FB6-90C0-4C4E-9FE4-A872FA247377} = {C4E55EE9-3B2E-41CF-A319-FB1EA5424968}
		{AAE634E3-BA44-4A6B-8E80-BFCD9B25542B} = {C4E55EE9-3B2E-41CF-A319-FB1EA5424968}
		{0D4A24A4-E668-4166-9791-42B29F32289A} = {C4E55EE9-3B2E-41CF-A319-FB1EA5424968}
		{74AF9C12-7259-4F6F-8833-DDDCE31B528D} = {C4E55EE9-3B2E-41CF-A319-FB1EA5424968}
		{2416F82F-6B5E-4F22-8624-6963E7EA0D48} = {8B37A67E-CFF5-4363-84C9-16B5A9173327}
		{319C66E4-95A1-4119-A3A7-C98919905363} = {C4E55EE9-3B2E-41CF-A319-FB1EA5424968}
		{FFBBA1DC-A5BA-4A20-8E4C-DED9B0611D50} = {8B37A67E-CFF5-4363-84C9-16B5A9173327}
		{21CD5A14-94FF-42A0-8886-E7FE66B40A48} = {C4E55EE9-3B2E-41CF-A319-FB1EA5424968}
		{D4516FBE-81B6-4D2C-98E5-DBAD9D49D0E0} = {4C7AAE14-8173-4191-A2C7-CACADB130ED0}
		{EC9FD526-B664-444E-A594-41AC653AE1F0} = {4C7AAE14-8173-4191-A2C7-CACADB130ED0}
		{E6188CBC-E465-4939-AEC0-4F1F6BC705DC} = {D4516FBE-81B6-4D2C-98E5-DBAD9D49D0E0}
		{32221FEF-E53D-4BCB-B865-5009F5A6A0E8} = {4C7AAE14-8173-4191-A2C7-CACADB130ED0}
		{DC862790-FF1D-4DE0-B993-9E69A068864C} = {32221FEF-E53D-4BCB-B865-5009F5A6A0E8}
		{06A9321A-7367-4FA1-9B14-143802494996} = {32221FEF-E53D-4BCB-B865-5009F5A6A0E8}
		{850492D6-5813-43D7-95CF-EF321B1074AB} = {32221FEF-E53D-4BCB-B865-5009F5A6A0E8}
		{C3846A5B-BB06-4889-8539-679C977401FB} = {32221FEF-E53D-4BCB-B865-5009F5A6A0E8}
		{FCF9B14A-A162-4E80-A2E7-5B32BBC00C28} = {DD1D0D24-C27B-4CB5-9DAA-67688C93E06A}
		{2E54C9F4-D3A5-4779-AFDB-5F47BCEB0FBE} = {32221FEF-E53D-4BCB-B865-5009F5A6A0E8}
		{EEAE81DA-3ADB-4E8D-AADB-77ADC48548CD} = {DD1D0D24-C27B-4CB5-9DAA-67688C93E06A}
		{66D77A24-ACE6-4A06-9A7E-85452BDD274E} = {32221FEF-E53D-4BCB-B865-5009F5A6A0E8}
		{5EB93AF1-619C-4CE3-9D4A-8E62B02950B6} = {8B37A67E-CFF5-4363-84C9-16B5A9173327}
		{7F5B31BA-6A01-49CB-B07E-B8F54B5F1642} = {8B37A67E-CFF5-4363-84C9-16B5A9173327}
		{A1FF6F19-AB2D-4C65-ADCC-1160930D135F} = {8B37A67E-CFF5-4363-84C9-16B5A9173327}
		{8D39CC68-E388-4E2A-BDD3-F4F940F3C711} = {32221FEF-E53D-4BCB-B865-5009F5A6A0E8}
		{5C49D67B-3378-4FC9-AFC0-70E659E0A742} = {32221FEF-E53D-4BCB-B865-5009F5A6A0E8}
		{B8313C1C-4DB0-4560-8D19-0E19AF3838BF} = {32221FEF-E53D-4BCB-B865-5009F5A6A0E8}
		{1B4CA52F-194D-4684-BA3F-81E75C167CB7} = {4C7AAE14-8173-4191-A2C7-CACADB130ED0}
		{BA9156D6-9619-4D68-8F73-36DE7A9C692C} = {1B4CA52F-194D-4684-BA3F-81E75C167CB7}
		{BD0AE445-20DD-4A34-BC77-C5497F1C0F7D} = {1B4CA52F-194D-4684-BA3F-81E75C167CB7}
		{974A92EF-557B-4E32-B6A9-F407CD11CE5C} = {1B4CA52F-194D-4684-BA3F-81E75C167CB7}
		{4A720704-35E7-4AA6-8703-3989E777FB26} = {1B4CA52F-194D-4684-BA3F-81E75C167CB7}
		{F80EB584-0977-4C7E-A5A0-FD9B43F7D5DA} = {1B4CA52F-194D-4684-BA3F-81E75C167CB7}
		{C3CBCC3E-967F-4896-8A61-21101618EB39} = {1B4CA52F-194D-4684-BA3F-81E75C167CB7}
		{D12C5D18-AC74-4C5E-882F-98B2760F0D87} = {1B4CA52F-194D-4684-BA3F-81E75C167CB7}
		{65F0F588-5739-47C2-B5EF-A45646677DDD} = {1B4CA52F-194D-4684-BA3F-81E75C167CB7}
		{D724E4FD-5B2D-4A88-9827-BD925F07DB0D} = {D4516FBE-81B6-4D2C-98E5-DBAD9D49D0E0}
		{E9CFDD75-5AE8-4F12-8B0F-EA1E004E68BE} = {D4516FBE-81B6-4D2C-98E5-DBAD9D49D0E0}
		{11F0A990-B49E-4C08-AD23-1469F49154D7} = {D4516FBE-81B6-4D2C-98E5-DBAD9D49D0E0}
		{3BA3F7C6-1854-4AEE-AB64-6521E396D0F0} = {D4516FBE-81B6-4D2C-98E5-DBAD9D49D0E0}
		{F0C109F0-0EDC-41B4-873D-0C2F24CED0DB} = {D4516FBE-81B6-4D2C-98E5-DBAD9D49D0E0}
		{4903F2C8-42B1-4110-8D8E-7026C78682D2} = {D4516FBE-81B6-4D2C-98E5-DBAD9D49D0E0}
		{65B203DF-290A-413F-8E5A-F354BC6CF7FB} = {D4516FBE-81B6-4D2C-98E5-DBAD9D49D0E0}
		{16EB90DC-7095-497E-83A3-D81D584E630B} = {DD1D0D24-C27B-4CB5-9DAA-67688C93E06A}
		{9200B1E4-EBD2-4277-AC94-7DC289523CEC} = {32221FEF-E53D-4BCB-B865-5009F5A6A0E8}
		{6B647298-E0A1-4A10-BC9F-A5DA2169FFBB} = {4C7AAE14-8173-4191-A2C7-CACADB130ED0}
		{7012C79F-97F1-4C29-A66E-56FCA36479A1} = {4C7AAE14-8173-4191-A2C7-CACADB130ED0}
	EndGlobalSection
	GlobalSection(ExtensibilityGlobals) = postSolution
		SolutionGuid = {B97028E8-BC30-4105-87BB-2ED0BB50B276}
	EndGlobalSection
EndGlobal
