
Microsoft Visual Studio Solution File, Format Version 12.00
# Visual Studio Version 16
VisualStudioVersion = 16.0.29613.14
MinimumVisualStudioVersion = 10.0.40219.1
Project("{2150E333-8FDC-42A3-9474-1A3956D46DE8}") = "Shared", "Shared", "{8B37A67E-CFF5-4363-84C9-16B5A9173327}"
EndProject
Project("{2150E333-8FDC-42A3-9474-1A3956D46DE8}") = "Line", "Line", "{C4E55EE9-3B2E-41CF-A319-FB1EA5424968}"
EndProject
Project("{2150E333-8FDC-42A3-9474-1A3956D46DE8}") = "Trader", "Trader", "{180D2EE7-28F0-4FBC-AFD2-F45520C38004}"
EndProject
Project("{2150E333-8FDC-42A3-9474-1A3956D46DE8}") = "Bettor", "Bettor", "{7324C8BD-8EF9-486B-8B68-E0EC153BB51A}"
EndProject
Project("{2150E333-8FDC-42A3-9474-1A3956D46DE8}") = "Providers", "Providers", "{4C7AAE14-8173-4191-A2C7-CACADB130ED0}"
EndProject
Project("{9A19103F-16F7-4668-BE54-9A1E7A4F7556}") = "LigaStavok.UdfsNext.Configuration", "LigaStavok.UdfsNext.Configuration\LigaStavok.UdfsNext.Configuration.csproj", "{21A06AE0-2A63-4E89-BC44-0E7DFA547F7E}"
EndProject
Project("{9A19103F-16F7-4668-BE54-9A1E7A4F7556}") = "LigaStavok.UdfsNext.Clustering", "LigaStavok.UdfsNext.Clustering\LigaStavok.UdfsNext.Clustering.csproj", "{A18BA83C-09A6-4A4C-91E3-1EE702B680CC}"
EndProject
Project("{9A19103F-16F7-4668-BE54-9A1E7A4F7556}") = "LigaStavok.UdfsNext.Line.Provider.BetGenius", "LigaStavok.UdfsNext.Line.Providers.BetGenius\LigaStavok.UdfsNext.Line.Provider.BetGenius.csproj", "{568A81D7-62D8-4918-9029-8C48F6986808}"
EndProject
Project("{9A19103F-16F7-4668-BE54-9A1E7A4F7556}") = "LigaStavok.UdfsNext.Line.Interfaces", "LigaStavok.UdfsNext.Inferfaces\LigaStavok.UdfsNext.Line.Interfaces.csproj", "{6D7889AF-A79C-4834-87A8-6F5F5F050E59}"
EndProject
Project("{9A19103F-16F7-4668-BE54-9A1E7A4F7556}") = "LigaStavok.UdfsNext.Line.Client", "LigaStavok.UdfsNext.Line.Client\LigaStavok.UdfsNext.Line.Client.csproj", "{CCA98FB6-90C0-4C4E-9FE4-A872FA247377}"
EndProject
Project("{9A19103F-16F7-4668-BE54-9A1E7A4F7556}") = "LigaStavok.UdfsNext.Line.Runtime", "LigaStavok.UdfsNext.Line.Runtime\LigaStavok.UdfsNext.Line.Runtime.csproj", "{AAE634E3-BA44-4A6B-8E80-BFCD9B25542B}"
EndProject
Project("{9A19103F-16F7-4668-BE54-9A1E7A4F7556}") = "LigaStavok.UdfsNext.Line.Service", "LigaStavok.UdfsNext.Line.Service\LigaStavok.UdfsNext.Line.Service.csproj", "{0D4A24A4-E668-4166-9791-42B29F32289A}"
EndProject
Project("{9A19103F-16F7-4668-BE54-9A1E7A4F7556}") = "LigaStavok.UdfsNext.Line.Primitives", "LigaStavok.UdfsNext.Line.Abstractions\LigaStavok.UdfsNext.Line.Primitives.csproj", "{74AF9C12-7259-4F6F-8833-DDDCE31B528D}"
EndProject
Project("{9A19103F-16F7-4668-BE54-9A1E7A4F7556}") = "LigaStavok.UdfsNext.Primitives", "LigaStavok.UdfsNext.Abstractions\LigaStavok.UdfsNext.Primitives.csproj", "{2416F82F-6B5E-4F22-8624-6963E7EA0D48}"
EndProject
Project("{9A19103F-16F7-4668-BE54-9A1E7A4F7556}") = "LigaStavok.UdfsNext.Line.Provider.BetRadar", "LigaStavok.UdfsNext.Line.Providers.BetRadar\LigaStavok.UdfsNext.Line.Provider.BetRadar.csproj", "{341BD3EC-59E7-4FFF-AA09-ADC6AD1CB346}"
EndProject
Project("{9A19103F-16F7-4668-BE54-9A1E7A4F7556}") = "LigaStavok.UdfsNext.Line.EntityFramework", "LigaStavok.UdfsNext.Line.EntityFramework\LigaStavok.UdfsNext.Line.EntityFramework.csproj", "{319C66E4-95A1-4119-A3A7-C98919905363}"
EndProject
Project("{9A19103F-16F7-4668-BE54-9A1E7A4F7556}") = "LigaStavok.UdfsNext.Logging", "LigaStavok.UdfsNext.Logging\LigaStavok.UdfsNext.Logging.csproj", "{6BB3F699-495F-47A8-B6F6-0E54CFB8B24D}"
EndProject
Project("{9A19103F-16F7-4668-BE54-9A1E7A4F7556}") = "LigaStavok.UdfsNext.HealthCheck", "LigaStavok.UdfsNext.HealthCheck\LigaStavok.UdfsNext.HealthCheck.csproj", "{FFBBA1DC-A5BA-4A20-8E4C-DED9B0611D50}"
EndProject
Project("{9A19103F-16F7-4668-BE54-9A1E7A4F7556}") = "LigaStavok.UdfsNext.Line.Provider", "LigaStavok.UdfsNext.Line.Provider\LigaStavok.UdfsNext.Line.Provider.csproj", "{B190938A-6515-401D-A20C-7FB2A49E66AD}"
EndProject
Project("{FAE04EC0-301F-11D3-BF4B-00C04F79EFBC}") = "LigaStavok.UdfsNext.Line.Clustering", "LigaStavok.UdfsNext.Line.Clustering\LigaStavok.UdfsNext.Line.Clustering.csproj", "{21CD5A14-94FF-42A0-8886-E7FE66B40A48}"
EndProject
Project("{2150E333-8FDC-42A3-9474-1A3956D46DE8}") = "BetRadar", "BetRadar", "{D4516FBE-81B6-4D2C-98E5-DBAD9D49D0E0}"
EndProject
Project("{2150E333-8FDC-42A3-9474-1A3956D46DE8}") = "BetGenius", "BetGenius", "{EC9FD526-B664-444E-A594-41AC653AE1F0}"
EndProject
Global
	GlobalSection(SolutionConfigurationPlatforms) = preSolution
		BetRadar|Any CPU = BetRadar|Any CPU
		Debug|Any CPU = Debug|Any CPU
		Release|Any CPU = Release|Any CPU
	EndGlobalSection
	GlobalSection(ProjectConfigurationPlatforms) = postSolution
		{21A06AE0-2A63-4E89-BC44-0E7DFA547F7E}.BetRadar|Any CPU.ActiveCfg = BetRadar|Any CPU
		{21A06AE0-2A63-4E89-BC44-0E7DFA547F7E}.BetRadar|Any CPU.Build.0 = BetRadar|Any CPU
		{21A06AE0-2A63-4E89-BC44-0E7DFA547F7E}.Debug|Any CPU.ActiveCfg = Debug|Any CPU
		{21A06AE0-2A63-4E89-BC44-0E7DFA547F7E}.Debug|Any CPU.Build.0 = Debug|Any CPU
		{21A06AE0-2A63-4E89-BC44-0E7DFA547F7E}.Release|Any CPU.ActiveCfg = Release|Any CPU
		{21A06AE0-2A63-4E89-BC44-0E7DFA547F7E}.Release|Any CPU.Build.0 = Release|Any CPU
		{A18BA83C-09A6-4A4C-91E3-1EE702B680CC}.BetRadar|Any CPU.ActiveCfg = BetRadar|Any CPU
		{A18BA83C-09A6-4A4C-91E3-1EE702B680CC}.BetRadar|Any CPU.Build.0 = BetRadar|Any CPU
		{A18BA83C-09A6-4A4C-91E3-1EE702B680CC}.Debug|Any CPU.ActiveCfg = Debug|Any CPU
		{A18BA83C-09A6-4A4C-91E3-1EE702B680CC}.Debug|Any CPU.Build.0 = Debug|Any CPU
		{A18BA83C-09A6-4A4C-91E3-1EE702B680CC}.Release|Any CPU.ActiveCfg = Release|Any CPU
		{A18BA83C-09A6-4A4C-91E3-1EE702B680CC}.Release|Any CPU.Build.0 = Release|Any CPU
		{568A81D7-62D8-4918-9029-8C48F6986808}.BetRadar|Any CPU.ActiveCfg = Release|Any CPU
		{568A81D7-62D8-4918-9029-8C48F6986808}.BetRadar|Any CPU.Build.0 = Release|Any CPU
		{568A81D7-62D8-4918-9029-8C48F6986808}.Debug|Any CPU.ActiveCfg = Debug|Any CPU
		{568A81D7-62D8-4918-9029-8C48F6986808}.Debug|Any CPU.Build.0 = Debug|Any CPU
		{568A81D7-62D8-4918-9029-8C48F6986808}.Release|Any CPU.ActiveCfg = Release|Any CPU
		{568A81D7-62D8-4918-9029-8C48F6986808}.Release|Any CPU.Build.0 = Release|Any CPU
		{6D7889AF-A79C-4834-87A8-6F5F5F050E59}.BetRadar|Any CPU.ActiveCfg = BetRadar|Any CPU
		{6D7889AF-A79C-4834-87A8-6F5F5F050E59}.BetRadar|Any CPU.Build.0 = BetRadar|Any CPU
		{6D7889AF-A79C-4834-87A8-6F5F5F050E59}.Debug|Any CPU.ActiveCfg = Debug|Any CPU
		{6D7889AF-A79C-4834-87A8-6F5F5F050E59}.Debug|Any CPU.Build.0 = Debug|Any CPU
		{6D7889AF-A79C-4834-87A8-6F5F5F050E59}.Release|Any CPU.ActiveCfg = Release|Any CPU
		{6D7889AF-A79C-4834-87A8-6F5F5F050E59}.Release|Any CPU.Build.0 = Release|Any CPU
		{CCA98FB6-90C0-4C4E-9FE4-A872FA247377}.BetRadar|Any CPU.ActiveCfg = BetRadar|Any CPU
		{CCA98FB6-90C0-4C4E-9FE4-A872FA247377}.BetRadar|Any CPU.Build.0 = BetRadar|Any CPU
		{CCA98FB6-90C0-4C4E-9FE4-A872FA247377}.Debug|Any CPU.ActiveCfg = Debug|Any CPU
		{CCA98FB6-90C0-4C4E-9FE4-A872FA247377}.Debug|Any CPU.Build.0 = Debug|Any CPU
		{CCA98FB6-90C0-4C4E-9FE4-A872FA247377}.Release|Any CPU.ActiveCfg = Release|Any CPU
		{CCA98FB6-90C0-4C4E-9FE4-A872FA247377}.Release|Any CPU.Build.0 = Release|Any CPU
		{AAE634E3-BA44-4A6B-8E80-BFCD9B25542B}.BetRadar|Any CPU.ActiveCfg = BetRadar|Any CPU
		{AAE634E3-BA44-4A6B-8E80-BFCD9B25542B}.BetRadar|Any CPU.Build.0 = BetRadar|Any CPU
		{AAE634E3-BA44-4A6B-8E80-BFCD9B25542B}.Debug|Any CPU.ActiveCfg = Debug|Any CPU
		{AAE634E3-BA44-4A6B-8E80-BFCD9B25542B}.Debug|Any CPU.Build.0 = Debug|Any CPU
		{AAE634E3-BA44-4A6B-8E80-BFCD9B25542B}.Release|Any CPU.ActiveCfg = Release|Any CPU
		{AAE634E3-BA44-4A6B-8E80-BFCD9B25542B}.Release|Any CPU.Build.0 = Release|Any CPU
		{0D4A24A4-E668-4166-9791-42B29F32289A}.BetRadar|Any CPU.ActiveCfg = BetRadar|Any CPU
		{0D4A24A4-E668-4166-9791-42B29F32289A}.BetRadar|Any CPU.Build.0 = BetRadar|Any CPU
		{0D4A24A4-E668-4166-9791-42B29F32289A}.Debug|Any CPU.ActiveCfg = Debug|Any CPU
		{0D4A24A4-E668-4166-9791-42B29F32289A}.Debug|Any CPU.Build.0 = Debug|Any CPU
		{0D4A24A4-E668-4166-9791-42B29F32289A}.Release|Any CPU.ActiveCfg = Release|Any CPU
		{0D4A24A4-E668-4166-9791-42B29F32289A}.Release|Any CPU.Build.0 = Release|Any CPU
		{74AF9C12-7259-4F6F-8833-DDDCE31B528D}.BetRadar|Any CPU.ActiveCfg = BetRadar|Any CPU
		{74AF9C12-7259-4F6F-8833-DDDCE31B528D}.BetRadar|Any CPU.Build.0 = BetRadar|Any CPU
		{74AF9C12-7259-4F6F-8833-DDDCE31B528D}.Debug|Any CPU.ActiveCfg = Debug|Any CPU
		{74AF9C12-7259-4F6F-8833-DDDCE31B528D}.Debug|Any CPU.Build.0 = Debug|Any CPU
		{74AF9C12-7259-4F6F-8833-DDDCE31B528D}.Release|Any CPU.ActiveCfg = Release|Any CPU
		{74AF9C12-7259-4F6F-8833-DDDCE31B528D}.Release|Any CPU.Build.0 = Release|Any CPU
		{2416F82F-6B5E-4F22-8624-6963E7EA0D48}.BetRadar|Any CPU.ActiveCfg = BetRadar|Any CPU
		{2416F82F-6B5E-4F22-8624-6963E7EA0D48}.BetRadar|Any CPU.Build.0 = BetRadar|Any CPU
		{2416F82F-6B5E-4F22-8624-6963E7EA0D48}.Debug|Any CPU.ActiveCfg = Debug|Any CPU
		{2416F82F-6B5E-4F22-8624-6963E7EA0D48}.Debug|Any CPU.Build.0 = Debug|Any CPU
		{2416F82F-6B5E-4F22-8624-6963E7EA0D48}.Release|Any CPU.ActiveCfg = Release|Any CPU
		{2416F82F-6B5E-4F22-8624-6963E7EA0D48}.Release|Any CPU.Build.0 = Release|Any CPU
		{341BD3EC-59E7-4FFF-AA09-ADC6AD1CB346}.BetRadar|Any CPU.ActiveCfg = BetRadar|Any CPU
		{341BD3EC-59E7-4FFF-AA09-ADC6AD1CB346}.BetRadar|Any CPU.Build.0 = BetRadar|Any CPU
		{341BD3EC-59E7-4FFF-AA09-ADC6AD1CB346}.Debug|Any CPU.ActiveCfg = Debug|Any CPU
		{341BD3EC-59E7-4FFF-AA09-ADC6AD1CB346}.Debug|Any CPU.Build.0 = Debug|Any CPU
		{341BD3EC-59E7-4FFF-AA09-ADC6AD1CB346}.Release|Any CPU.ActiveCfg = Release|Any CPU
		{341BD3EC-59E7-4FFF-AA09-ADC6AD1CB346}.Release|Any CPU.Build.0 = Release|Any CPU
		{319C66E4-95A1-4119-A3A7-C98919905363}.BetRadar|Any CPU.ActiveCfg = Release|Any CPU
		{319C66E4-95A1-4119-A3A7-C98919905363}.BetRadar|Any CPU.Build.0 = Release|Any CPU
		{319C66E4-95A1-4119-A3A7-C98919905363}.Debug|Any CPU.ActiveCfg = Debug|Any CPU
		{319C66E4-95A1-4119-A3A7-C98919905363}.Debug|Any CPU.Build.0 = Debug|Any CPU
		{319C66E4-95A1-4119-A3A7-C98919905363}.Release|Any CPU.ActiveCfg = Release|Any CPU
		{319C66E4-95A1-4119-A3A7-C98919905363}.Release|Any CPU.Build.0 = Release|Any CPU
		{6BB3F699-495F-47A8-B6F6-0E54CFB8B24D}.BetRadar|Any CPU.ActiveCfg = Release|Any CPU
		{6BB3F699-495F-47A8-B6F6-0E54CFB8B24D}.BetRadar|Any CPU.Build.0 = Release|Any CPU
		{6BB3F699-495F-47A8-B6F6-0E54CFB8B24D}.Debug|Any CPU.ActiveCfg = Debug|Any CPU
		{6BB3F699-495F-47A8-B6F6-0E54CFB8B24D}.Debug|Any CPU.Build.0 = Debug|Any CPU
		{6BB3F699-495F-47A8-B6F6-0E54CFB8B24D}.Release|Any CPU.ActiveCfg = Release|Any CPU
		{6BB3F699-495F-47A8-B6F6-0E54CFB8B24D}.Release|Any CPU.Build.0 = Release|Any CPU
		{FFBBA1DC-A5BA-4A20-8E4C-DED9B0611D50}.BetRadar|Any CPU.ActiveCfg = Release|Any CPU
		{FFBBA1DC-A5BA-4A20-8E4C-DED9B0611D50}.BetRadar|Any CPU.Build.0 = Release|Any CPU
		{FFBBA1DC-A5BA-4A20-8E4C-DED9B0611D50}.Debug|Any CPU.ActiveCfg = Debug|Any CPU
		{FFBBA1DC-A5BA-4A20-8E4C-DED9B0611D50}.Debug|Any CPU.Build.0 = Debug|Any CPU
		{FFBBA1DC-A5BA-4A20-8E4C-DED9B0611D50}.Release|Any CPU.ActiveCfg = Release|Any CPU
		{FFBBA1DC-A5BA-4A20-8E4C-DED9B0611D50}.Release|Any CPU.Build.0 = Release|Any CPU
		{B190938A-6515-401D-A20C-7FB2A49E66AD}.BetRadar|Any CPU.ActiveCfg = Release|Any CPU
		{B190938A-6515-401D-A20C-7FB2A49E66AD}.BetRadar|Any CPU.Build.0 = Release|Any CPU
		{B190938A-6515-401D-A20C-7FB2A49E66AD}.Debug|Any CPU.ActiveCfg = Debug|Any CPU
		{B190938A-6515-401D-A20C-7FB2A49E66AD}.Debug|Any CPU.Build.0 = Debug|Any CPU
		{B190938A-6515-401D-A20C-7FB2A49E66AD}.Release|Any CPU.ActiveCfg = Release|Any CPU
		{B190938A-6515-401D-A20C-7FB2A49E66AD}.Release|Any CPU.Build.0 = Release|Any CPU
		{21CD5A14-94FF-42A0-8886-E7FE66B40A48}.BetRadar|Any CPU.ActiveCfg = Debug|Any CPU
		{21CD5A14-94FF-42A0-8886-E7FE66B40A48}.BetRadar|Any CPU.Build.0 = Debug|Any CPU
		{21CD5A14-94FF-42A0-8886-E7FE66B40A48}.Debug|Any CPU.ActiveCfg = Debug|Any CPU
		{21CD5A14-94FF-42A0-8886-E7FE66B40A48}.Debug|Any CPU.Build.0 = Debug|Any CPU
		{21CD5A14-94FF-42A0-8886-E7FE66B40A48}.Release|Any CPU.ActiveCfg = Release|Any CPU
		{21CD5A14-94FF-42A0-8886-E7FE66B40A48}.Release|Any CPU.Build.0 = Release|Any CPU
	EndGlobalSection
	GlobalSection(SolutionProperties) = preSolution
		HideSolutionNode = FALSE
	EndGlobalSection
	GlobalSection(NestedProjects) = preSolution
		{4C7AAE14-8173-4191-A2C7-CACADB130ED0} = {C4E55EE9-3B2E-41CF-A319-FB1EA5424968}
		{21A06AE0-2A63-4E89-BC44-0E7DFA547F7E} = {8B37A67E-CFF5-4363-84C9-16B5A9173327}
		{A18BA83C-09A6-4A4C-91E3-1EE702B680CC} = {8B37A67E-CFF5-4363-84C9-16B5A9173327}
		{568A81D7-62D8-4918-9029-8C48F6986808} = {EC9FD526-B664-444E-A594-41AC653AE1F0}
		{6D7889AF-A79C-4834-87A8-6F5F5F050E59} = {C4E55EE9-3B2E-41CF-A319-FB1EA5424968}
		{CCA98FB6-90C0-4C4E-9FE4-A872FA247377} = {C4E55EE9-3B2E-41CF-A319-FB1EA5424968}
		{AAE634E3-BA44-4A6B-8E80-BFCD9B25542B} = {C4E55EE9-3B2E-41CF-A319-FB1EA5424968}
		{0D4A24A4-E668-4166-9791-42B29F32289A} = {C4E55EE9-3B2E-41CF-A319-FB1EA5424968}
		{74AF9C12-7259-4F6F-8833-DDDCE31B528D} = {C4E55EE9-3B2E-41CF-A319-FB1EA5424968}
		{2416F82F-6B5E-4F22-8624-6963E7EA0D48} = {8B37A67E-CFF5-4363-84C9-16B5A9173327}
		{341BD3EC-59E7-4FFF-AA09-ADC6AD1CB346} = {D4516FBE-81B6-4D2C-98E5-DBAD9D49D0E0}
		{319C66E4-95A1-4119-A3A7-C98919905363} = {C4E55EE9-3B2E-41CF-A319-FB1EA5424968}
		{6BB3F699-495F-47A8-B6F6-0E54CFB8B24D} = {8B37A67E-CFF5-4363-84C9-16B5A9173327}
		{FFBBA1DC-A5BA-4A20-8E4C-DED9B0611D50} = {8B37A67E-CFF5-4363-84C9-16B5A9173327}
		{B190938A-6515-401D-A20C-7FB2A49E66AD} = {4C7AAE14-8173-4191-A2C7-CACADB130ED0}
		{21CD5A14-94FF-42A0-8886-E7FE66B40A48} = {C4E55EE9-3B2E-41CF-A319-FB1EA5424968}
		{D4516FBE-81B6-4D2C-98E5-DBAD9D49D0E0} = {4C7AAE14-8173-4191-A2C7-CACADB130ED0}
		{EC9FD526-B664-444E-A594-41AC653AE1F0} = {4C7AAE14-8173-4191-A2C7-CACADB130ED0}
	EndGlobalSection
	GlobalSection(ExtensibilityGlobals) = postSolution
		SolutionGuid = {B97028E8-BC30-4105-87BB-2ED0BB50B276}
	EndGlobalSection
EndGlobal
